// !$*UTF8*$!
{
	archiveVersion = 1;
	classes = {
	};
	objectVersion = 50;
	objects = {

/* Begin PBXBuildFile section */
		195E5A57261A65C500AC48C5 /* KamenicaApp.swift in Sources */ = {isa = PBXBuildFile; fileRef = 195E5A56261A65C500AC48C5 /* KamenicaApp.swift */; };
		195E5A59261A65C500AC48C5 /* ContentView.swift in Sources */ = {isa = PBXBuildFile; fileRef = 195E5A58261A65C500AC48C5 /* ContentView.swift */; };
		195E5A5B261A65C600AC48C5 /* Assets.xcassets in Resources */ = {isa = PBXBuildFile; fileRef = 195E5A5A261A65C600AC48C5 /* Assets.xcassets */; };
		195E5A5E261A65C600AC48C5 /* Preview Assets.xcassets in Resources */ = {isa = PBXBuildFile; fileRef = 195E5A5D261A65C600AC48C5 /* Preview Assets.xcassets */; };
		195E5A67261A6AC400AC48C5 /* DeparturesView.swift in Sources */ = {isa = PBXBuildFile; fileRef = 195E5A66261A6AC400AC48C5 /* DeparturesView.swift */; };
		195E5A6A261A6AD600AC48C5 /* ArrivalsView.swift in Sources */ = {isa = PBXBuildFile; fileRef = 195E5A69261A6AD600AC48C5 /* ArrivalsView.swift */; };
		195E5A6D261A6C0A00AC48C5 /* InfoView.swift in Sources */ = {isa = PBXBuildFile; fileRef = 195E5A6C261A6C0A00AC48C5 /* InfoView.swift */; };
		195E5A70261A71BA00AC48C5 /* Model.swift in Sources */ = {isa = PBXBuildFile; fileRef = 195E5A6F261A71BA00AC48C5 /* Model.swift */; };
		198D55EE261DA02700640B69 /* TitilliumWeb-Regular.ttf in Resources */ = {isa = PBXBuildFile; fileRef = 198D55EB261DA02700640B69 /* TitilliumWeb-Regular.ttf */; };
		198D55EF261DA02700640B69 /* TitilliumWeb-Bold.ttf in Resources */ = {isa = PBXBuildFile; fileRef = 198D55EC261DA02700640B69 /* TitilliumWeb-Bold.ttf */; };
		198D55F0261DA02700640B69 /* TitilliumWeb-SemiBold.ttf in Resources */ = {isa = PBXBuildFile; fileRef = 198D55ED261DA02700640B69 /* TitilliumWeb-SemiBold.ttf */; };
		198D55F3261DCEB800640B69 /* Colors.swift in Sources */ = {isa = PBXBuildFile; fileRef = 198D55F2261DCEB800640B69 /* Colors.swift */; };
		198D55FB261DD16500640B69 /* Kamenica-logo.png in Resources */ = {isa = PBXBuildFile; fileRef = 198D55FA261DD16500640B69 /* Kamenica-logo.png */; };
		19BA17F3261BBED90024298F /* NotificationService.swift in Sources */ = {isa = PBXBuildFile; fileRef = 19BA17F2261BBED90024298F /* NotificationService.swift */; };
		19C9FECB261B417600EEA4FF /* BusLineView.swift in Sources */ = {isa = PBXBuildFile; fileRef = 19C9FECA261B417600EEA4FF /* BusLineView.swift */; };
		19C9FECE261B421700EEA4FF /* Networking.swift in Sources */ = {isa = PBXBuildFile; fileRef = 19C9FECD261B421700EEA4FF /* Networking.swift */; };
/* End PBXBuildFile section */

/* Begin PBXFileReference section */
		195E5A53261A65C500AC48C5 /* Kamenica.app */ = {isa = PBXFileReference; explicitFileType = wrapper.application; includeInIndex = 0; path = Kamenica.app; sourceTree = BUILT_PRODUCTS_DIR; };
		195E5A56261A65C500AC48C5 /* KamenicaApp.swift */ = {isa = PBXFileReference; lastKnownFileType = sourcecode.swift; path = KamenicaApp.swift; sourceTree = "<group>"; };
		195E5A58261A65C500AC48C5 /* ContentView.swift */ = {isa = PBXFileReference; lastKnownFileType = sourcecode.swift; path = ContentView.swift; sourceTree = "<group>"; };
		195E5A5A261A65C600AC48C5 /* Assets.xcassets */ = {isa = PBXFileReference; lastKnownFileType = folder.assetcatalog; path = Assets.xcassets; sourceTree = "<group>"; };
		195E5A5D261A65C600AC48C5 /* Preview Assets.xcassets */ = {isa = PBXFileReference; lastKnownFileType = folder.assetcatalog; path = "Preview Assets.xcassets"; sourceTree = "<group>"; };
		195E5A5F261A65C600AC48C5 /* Info.plist */ = {isa = PBXFileReference; lastKnownFileType = text.plist.xml; path = Info.plist; sourceTree = "<group>"; };
		195E5A66261A6AC400AC48C5 /* DeparturesView.swift */ = {isa = PBXFileReference; lastKnownFileType = sourcecode.swift; path = DeparturesView.swift; sourceTree = "<group>"; };
		195E5A69261A6AD600AC48C5 /* ArrivalsView.swift */ = {isa = PBXFileReference; lastKnownFileType = sourcecode.swift; path = ArrivalsView.swift; sourceTree = "<group>"; };
		195E5A6C261A6C0A00AC48C5 /* InfoView.swift */ = {isa = PBXFileReference; lastKnownFileType = sourcecode.swift; path = InfoView.swift; sourceTree = "<group>"; };
		195E5A6F261A71BA00AC48C5 /* Model.swift */ = {isa = PBXFileReference; lastKnownFileType = sourcecode.swift; path = Model.swift; sourceTree = "<group>"; };
		198D55EB261DA02700640B69 /* TitilliumWeb-Regular.ttf */ = {isa = PBXFileReference; lastKnownFileType = file; path = "TitilliumWeb-Regular.ttf"; sourceTree = "<group>"; };
		198D55EC261DA02700640B69 /* TitilliumWeb-Bold.ttf */ = {isa = PBXFileReference; lastKnownFileType = file; path = "TitilliumWeb-Bold.ttf"; sourceTree = "<group>"; };
		198D55ED261DA02700640B69 /* TitilliumWeb-SemiBold.ttf */ = {isa = PBXFileReference; lastKnownFileType = file; path = "TitilliumWeb-SemiBold.ttf"; sourceTree = "<group>"; };
		198D55F2261DCEB800640B69 /* Colors.swift */ = {isa = PBXFileReference; lastKnownFileType = sourcecode.swift; path = Colors.swift; sourceTree = "<group>"; };
		198D55FA261DD16500640B69 /* Kamenica-logo.png */ = {isa = PBXFileReference; lastKnownFileType = image.png; path = "Kamenica-logo.png"; sourceTree = "<group>"; };
		19BA17F2261BBED90024298F /* NotificationService.swift */ = {isa = PBXFileReference; lastKnownFileType = sourcecode.swift; path = NotificationService.swift; sourceTree = "<group>"; };
		19C9FECA261B417600EEA4FF /* BusLineView.swift */ = {isa = PBXFileReference; lastKnownFileType = sourcecode.swift; path = BusLineView.swift; sourceTree = "<group>"; };
		19C9FECD261B421700EEA4FF /* Networking.swift */ = {isa = PBXFileReference; lastKnownFileType = sourcecode.swift; path = Networking.swift; sourceTree = "<group>"; };
/* End PBXFileReference section */

/* Begin PBXFrameworksBuildPhase section */
		195E5A50261A65C500AC48C5 /* Frameworks */ = {
			isa = PBXFrameworksBuildPhase;
			buildActionMask = 2147483647;
			files = (
			);
			runOnlyForDeploymentPostprocessing = 0;
		};
/* End PBXFrameworksBuildPhase section */

/* Begin PBXGroup section */
		195E5A4A261A65C500AC48C5 = {
			isa = PBXGroup;
			children = (
				195E5A55261A65C500AC48C5 /* Kamenica */,
				195E5A54261A65C500AC48C5 /* Products */,
			);
			sourceTree = "<group>";
		};
		195E5A54261A65C500AC48C5 /* Products */ = {
			isa = PBXGroup;
			children = (
				195E5A53261A65C500AC48C5 /* Kamenica.app */,
			);
			name = Products;
			sourceTree = "<group>";
		};
		195E5A55261A65C500AC48C5 /* Kamenica */ = {
			isa = PBXGroup;
			children = (
				198D55F9261DD15800640B69 /* Images */,
				198D55EA261DA00B00640B69 /* Fonts */,
				19BA17F2261BBED90024298F /* NotificationService.swift */,
				195E5A56261A65C500AC48C5 /* KamenicaApp.swift */,
				195E5A58261A65C500AC48C5 /* ContentView.swift */,
				19C9FECD261B421700EEA4FF /* Networking.swift */,
				195E5A6C261A6C0A00AC48C5 /* InfoView.swift */,
				195E5A66261A6AC400AC48C5 /* DeparturesView.swift */,
				198D55F2261DCEB800640B69 /* Colors.swift */,
				19C9FECA261B417600EEA4FF /* BusLineView.swift */,
				195E5A6F261A71BA00AC48C5 /* Model.swift */,
				195E5A69261A6AD600AC48C5 /* ArrivalsView.swift */,
				195E5A5A261A65C600AC48C5 /* Assets.xcassets */,
				195E5A5F261A65C600AC48C5 /* Info.plist */,
				195E5A5C261A65C600AC48C5 /* Preview Content */,
			);
			path = Kamenica;
			sourceTree = "<group>";
		};
		195E5A5C261A65C600AC48C5 /* Preview Content */ = {
			isa = PBXGroup;
			children = (
				195E5A5D261A65C600AC48C5 /* Preview Assets.xcassets */,
			);
			path = "Preview Content";
			sourceTree = "<group>";
		};
		198D55EA261DA00B00640B69 /* Fonts */ = {
			isa = PBXGroup;
			children = (
				198D55EC261DA02700640B69 /* TitilliumWeb-Bold.ttf */,
				198D55EB261DA02700640B69 /* TitilliumWeb-Regular.ttf */,
				198D55ED261DA02700640B69 /* TitilliumWeb-SemiBold.ttf */,
			);
			path = Fonts;
			sourceTree = "<group>";
		};
		198D55F9261DD15800640B69 /* Images */ = {
			isa = PBXGroup;
			children = (
				198D55FA261DD16500640B69 /* Kamenica-logo.png */,
			);
			path = Images;
			sourceTree = "<group>";
		};
/* End PBXGroup section */

/* Begin PBXNativeTarget section */
		195E5A52261A65C500AC48C5 /* Kamenica */ = {
			isa = PBXNativeTarget;
			buildConfigurationList = 195E5A62261A65C600AC48C5 /* Build configuration list for PBXNativeTarget "Kamenica" */;
			buildPhases = (
				195E5A4F261A65C500AC48C5 /* Sources */,
				195E5A50261A65C500AC48C5 /* Frameworks */,
				195E5A51261A65C500AC48C5 /* Resources */,
			);
			buildRules = (
			);
			dependencies = (
			);
			name = Kamenica;
			productName = Kamenica;
			productReference = 195E5A53261A65C500AC48C5 /* Kamenica.app */;
			productType = "com.apple.product-type.application";
		};
/* End PBXNativeTarget section */

/* Begin PBXProject section */
		195E5A4B261A65C500AC48C5 /* Project object */ = {
			isa = PBXProject;
			attributes = {
				LastSwiftUpdateCheck = 1240;
				LastUpgradeCheck = 1240;
				TargetAttributes = {
					195E5A52261A65C500AC48C5 = {
						CreatedOnToolsVersion = 12.4;
					};
				};
			};
			buildConfigurationList = 195E5A4E261A65C500AC48C5 /* Build configuration list for PBXProject "Kamenica" */;
			compatibilityVersion = "Xcode 9.3";
			developmentRegion = en;
			hasScannedForEncodings = 0;
			knownRegions = (
				en,
				Base,
			);
			mainGroup = 195E5A4A261A65C500AC48C5;
			productRefGroup = 195E5A54261A65C500AC48C5 /* Products */;
			projectDirPath = "";
			projectRoot = "";
			targets = (
				195E5A52261A65C500AC48C5 /* Kamenica */,
			);
		};
/* End PBXProject section */

/* Begin PBXResourcesBuildPhase section */
		195E5A51261A65C500AC48C5 /* Resources */ = {
			isa = PBXResourcesBuildPhase;
			buildActionMask = 2147483647;
			files = (
				198D55EE261DA02700640B69 /* TitilliumWeb-Regular.ttf in Resources */,
				195E5A5E261A65C600AC48C5 /* Preview Assets.xcassets in Resources */,
				198D55EF261DA02700640B69 /* TitilliumWeb-Bold.ttf in Resources */,
				198D55FB261DD16500640B69 /* Kamenica-logo.png in Resources */,
				198D55F0261DA02700640B69 /* TitilliumWeb-SemiBold.ttf in Resources */,
				195E5A5B261A65C600AC48C5 /* Assets.xcassets in Resources */,
			);
			runOnlyForDeploymentPostprocessing = 0;
		};
/* End PBXResourcesBuildPhase section */

/* Begin PBXSourcesBuildPhase section */
		195E5A4F261A65C500AC48C5 /* Sources */ = {
			isa = PBXSourcesBuildPhase;
			buildActionMask = 2147483647;
			files = (
				195E5A6A261A6AD600AC48C5 /* ArrivalsView.swift in Sources */,
				198D55F3261DCEB800640B69 /* Colors.swift in Sources */,
				195E5A59261A65C500AC48C5 /* ContentView.swift in Sources */,
				195E5A67261A6AC400AC48C5 /* DeparturesView.swift in Sources */,
				19C9FECE261B421700EEA4FF /* Networking.swift in Sources */,
				19BA17F3261BBED90024298F /* NotificationService.swift in Sources */,
				195E5A70261A71BA00AC48C5 /* Model.swift in Sources */,
				19C9FECB261B417600EEA4FF /* BusLineView.swift in Sources */,
				195E5A6D261A6C0A00AC48C5 /* InfoView.swift in Sources */,
				195E5A57261A65C500AC48C5 /* KamenicaApp.swift in Sources */,
			);
			runOnlyForDeploymentPostprocessing = 0;
		};
/* End PBXSourcesBuildPhase section */

/* Begin XCBuildConfiguration section */
		195E5A60261A65C600AC48C5 /* Debug */ = {
			isa = XCBuildConfiguration;
			buildSettings = {
				ALWAYS_SEARCH_USER_PATHS = NO;
				CLANG_ANALYZER_NONNULL = YES;
				CLANG_ANALYZER_NUMBER_OBJECT_CONVERSION = YES_AGGRESSIVE;
				CLANG_CXX_LANGUAGE_STANDARD = "gnu++14";
				CLANG_CXX_LIBRARY = "libc++";
				CLANG_ENABLE_MODULES = YES;
				CLANG_ENABLE_OBJC_ARC = YES;
				CLANG_ENABLE_OBJC_WEAK = YES;
				CLANG_WARN_BLOCK_CAPTURE_AUTORELEASING = YES;
				CLANG_WARN_BOOL_CONVERSION = YES;
				CLANG_WARN_COMMA = YES;
				CLANG_WARN_CONSTANT_CONVERSION = YES;
				CLANG_WARN_DEPRECATED_OBJC_IMPLEMENTATIONS = YES;
				CLANG_WARN_DIRECT_OBJC_ISA_USAGE = YES_ERROR;
				CLANG_WARN_DOCUMENTATION_COMMENTS = YES;
				CLANG_WARN_EMPTY_BODY = YES;
				CLANG_WARN_ENUM_CONVERSION = YES;
				CLANG_WARN_INFINITE_RECURSION = YES;
				CLANG_WARN_INT_CONVERSION = YES;
				CLANG_WARN_NON_LITERAL_NULL_CONVERSION = YES;
				CLANG_WARN_OBJC_IMPLICIT_RETAIN_SELF = YES;
				CLANG_WARN_OBJC_LITERAL_CONVERSION = YES;
				CLANG_WARN_OBJC_ROOT_CLASS = YES_ERROR;
				CLANG_WARN_QUOTED_INCLUDE_IN_FRAMEWORK_HEADER = YES;
				CLANG_WARN_RANGE_LOOP_ANALYSIS = YES;
				CLANG_WARN_STRICT_PROTOTYPES = YES;
				CLANG_WARN_SUSPICIOUS_MOVE = YES;
				CLANG_WARN_UNGUARDED_AVAILABILITY = YES_AGGRESSIVE;
				CLANG_WARN_UNREACHABLE_CODE = YES;
				CLANG_WARN__DUPLICATE_METHOD_MATCH = YES;
				COPY_PHASE_STRIP = NO;
				DEBUG_INFORMATION_FORMAT = dwarf;
				ENABLE_STRICT_OBJC_MSGSEND = YES;
				ENABLE_TESTABILITY = YES;
				GCC_C_LANGUAGE_STANDARD = gnu11;
				GCC_DYNAMIC_NO_PIC = NO;
				GCC_NO_COMMON_BLOCKS = YES;
				GCC_OPTIMIZATION_LEVEL = 0;
				GCC_PREPROCESSOR_DEFINITIONS = (
					"DEBUG=1",
					"$(inherited)",
				);
				GCC_WARN_64_TO_32_BIT_CONVERSION = YES;
				GCC_WARN_ABOUT_RETURN_TYPE = YES_ERROR;
				GCC_WARN_UNDECLARED_SELECTOR = YES;
				GCC_WARN_UNINITIALIZED_AUTOS = YES_AGGRESSIVE;
				GCC_WARN_UNUSED_FUNCTION = YES;
				GCC_WARN_UNUSED_VARIABLE = YES;
				IPHONEOS_DEPLOYMENT_TARGET = 14.4;
				MTL_ENABLE_DEBUG_INFO = INCLUDE_SOURCE;
				MTL_FAST_MATH = YES;
				ONLY_ACTIVE_ARCH = YES;
				SDKROOT = iphoneos;
				SWIFT_ACTIVE_COMPILATION_CONDITIONS = DEBUG;
				SWIFT_OPTIMIZATION_LEVEL = "-Onone";
			};
			name = Debug;
		};
		195E5A61261A65C600AC48C5 /* Release */ = {
			isa = XCBuildConfiguration;
			buildSettings = {
				ALWAYS_SEARCH_USER_PATHS = NO;
				CLANG_ANALYZER_NONNULL = YES;
				CLANG_ANALYZER_NUMBER_OBJECT_CONVERSION = YES_AGGRESSIVE;
				CLANG_CXX_LANGUAGE_STANDARD = "gnu++14";
				CLANG_CXX_LIBRARY = "libc++";
				CLANG_ENABLE_MODULES = YES;
				CLANG_ENABLE_OBJC_ARC = YES;
				CLANG_ENABLE_OBJC_WEAK = YES;
				CLANG_WARN_BLOCK_CAPTURE_AUTORELEASING = YES;
				CLANG_WARN_BOOL_CONVERSION = YES;
				CLANG_WARN_COMMA = YES;
				CLANG_WARN_CONSTANT_CONVERSION = YES;
				CLANG_WARN_DEPRECATED_OBJC_IMPLEMENTATIONS = YES;
				CLANG_WARN_DIRECT_OBJC_ISA_USAGE = YES_ERROR;
				CLANG_WARN_DOCUMENTATION_COMMENTS = YES;
				CLANG_WARN_EMPTY_BODY = YES;
				CLANG_WARN_ENUM_CONVERSION = YES;
				CLANG_WARN_INFINITE_RECURSION = YES;
				CLANG_WARN_INT_CONVERSION = YES;
				CLANG_WARN_NON_LITERAL_NULL_CONVERSION = YES;
				CLANG_WARN_OBJC_IMPLICIT_RETAIN_SELF = YES;
				CLANG_WARN_OBJC_LITERAL_CONVERSION = YES;
				CLANG_WARN_OBJC_ROOT_CLASS = YES_ERROR;
				CLANG_WARN_QUOTED_INCLUDE_IN_FRAMEWORK_HEADER = YES;
				CLANG_WARN_RANGE_LOOP_ANALYSIS = YES;
				CLANG_WARN_STRICT_PROTOTYPES = YES;
				CLANG_WARN_SUSPICIOUS_MOVE = YES;
				CLANG_WARN_UNGUARDED_AVAILABILITY = YES_AGGRESSIVE;
				CLANG_WARN_UNREACHABLE_CODE = YES;
				CLANG_WARN__DUPLICATE_METHOD_MATCH = YES;
				COPY_PHASE_STRIP = NO;
				DEBUG_INFORMATION_FORMAT = "dwarf-with-dsym";
				ENABLE_NS_ASSERTIONS = NO;
				ENABLE_STRICT_OBJC_MSGSEND = YES;
				GCC_C_LANGUAGE_STANDARD = gnu11;
				GCC_NO_COMMON_BLOCKS = YES;
				GCC_WARN_64_TO_32_BIT_CONVERSION = YES;
				GCC_WARN_ABOUT_RETURN_TYPE = YES_ERROR;
				GCC_WARN_UNDECLARED_SELECTOR = YES;
				GCC_WARN_UNINITIALIZED_AUTOS = YES_AGGRESSIVE;
				GCC_WARN_UNUSED_FUNCTION = YES;
				GCC_WARN_UNUSED_VARIABLE = YES;
				IPHONEOS_DEPLOYMENT_TARGET = 14.4;
				MTL_ENABLE_DEBUG_INFO = NO;
				MTL_FAST_MATH = YES;
				SDKROOT = iphoneos;
				SWIFT_COMPILATION_MODE = wholemodule;
				SWIFT_OPTIMIZATION_LEVEL = "-O";
				VALIDATE_PRODUCT = YES;
			};
			name = Release;
		};
		195E5A63261A65C600AC48C5 /* Debug */ = {
			isa = XCBuildConfiguration;
			buildSettings = {
				ASSETCATALOG_COMPILER_APPICON_NAME = AppIcon;
				ASSETCATALOG_COMPILER_GLOBAL_ACCENT_COLOR_NAME = AccentColor;
				CODE_SIGN_STYLE = Automatic;
				DEVELOPMENT_ASSET_PATHS = "\"Kamenica/Preview Content\"";
				DEVELOPMENT_TEAM = JHL7C3J3JG;
				ENABLE_PREVIEWS = YES;
				INFOPLIST_FILE = Kamenica/Info.plist;
				IPHONEOS_DEPLOYMENT_TARGET = 14.0;
				LD_RUNPATH_SEARCH_PATHS = (
					"$(inherited)",
					"@executable_path/Frameworks",
				);
				PRODUCT_BUNDLE_IDENTIFIER = com.ftninformatika.Kamenica;
				PRODUCT_NAME = "$(TARGET_NAME)";
				SWIFT_VERSION = 5.0;
				TARGETED_DEVICE_FAMILY = 1;
			};
			name = Debug;
		};
		195E5A64261A65C600AC48C5 /* Release */ = {
			isa = XCBuildConfiguration;
			buildSettings = {
				ASSETCATALOG_COMPILER_APPICON_NAME = AppIcon;
				ASSETCATALOG_COMPILER_GLOBAL_ACCENT_COLOR_NAME = AccentColor;
				CODE_SIGN_STYLE = Automatic;
				DEVELOPMENT_ASSET_PATHS = "\"Kamenica/Preview Content\"";
				DEVELOPMENT_TEAM = JHL7C3J3JG;
				ENABLE_PREVIEWS = YES;
				INFOPLIST_FILE = Kamenica/Info.plist;
				IPHONEOS_DEPLOYMENT_TARGET = 14.0;
				LD_RUNPATH_SEARCH_PATHS = (
					"$(inherited)",
					"@executable_path/Frameworks",
				);
				PRODUCT_BUNDLE_IDENTIFIER = com.ftninformatika.Kamenica;
				PRODUCT_NAME = "$(TARGET_NAME)";
				SWIFT_VERSION = 5.0;
				TARGETED_DEVICE_FAMILY = 1;
			};
			name = Release;
		};
/* End XCBuildConfiguration section */

/* Begin XCConfigurationList section */
		195E5A4E261A65C500AC48C5 /* Build configuration list for PBXProject "Kamenica" */ = {
			isa = XCConfigurationList;
			buildConfigurations = (
				195E5A60261A65C600AC48C5 /* Debug */,
				195E5A61261A65C600AC48C5 /* Release */,
			);
			defaultConfigurationIsVisible = 0;
			defaultConfigurationName = Release;
		};
		195E5A62261A65C600AC48C5 /* Build configuration list for PBXNativeTarget "Kamenica" */ = {
			isa = XCConfigurationList;
			buildConfigurations = (
				195E5A63261A65C600AC48C5 /* Debug */,
				195E5A64261A65C600AC48C5 /* Release */,
			);
			defaultConfigurationIsVisible = 0;
			defaultConfigurationName = Release;
		};
/* End XCConfigurationList section */
	};
	rootObject = 195E5A4B261A65C500AC48C5 /* Project object */;
}
